
Microsoft Visual Studio Solution File, Format Version 12.00
# Visual Studio Version 17
VisualStudioVersion = 17.5.33424.131
MinimumVisualStudioVersion = 10.0.40219.1
Project("{FAE04EC0-301F-11D3-BF4B-00C04F79EFBC}") = "MyCoolClock", "MyCoolClock.csproj", "{8E89BDAF-02AA-44F9-A0A5-1D521DB068E9}"
EndProject
Global
	GlobalSection(SolutionConfigurationPlatforms) = preSolution
		Debug|Any CPU = Debug|Any CPU
		Release|Any CPU = Release|Any CPU
	EndGlobalSection
	GlobalSection(ProjectConfigurationPlatforms) = postSolution
		{8E89BDAF-02AA-44F9-A0A5-1D521DB068E9}.Debug|Any CPU.ActiveCfg = Debug|Any CPU
		{8E89BDAF-02AA-44F9-A0A5-1D521DB068E9}.Debug|Any CPU.Build.0 = Debug|Any CPU
		{8E89BDAF-02AA-44F9-A0A5-1D521DB068E9}.Release|Any CPU.ActiveCfg = Release|Any CPU
		{8E89BDAF-02AA-44F9-A0A5-1D521DB068E9}.Release|Any CPU.Build.0 = Release|Any CPU
	EndGlobalSection
	GlobalSection(SolutionProperties) = preSolution
		HideSolutionNode = FALSE
	EndGlobalSection
	GlobalSection(ExtensibilityGlobals) = postSolution
		SolutionGuid = {1330211B-61C1-4541-AA37-C1BD9547B63F}
	EndGlobalSection
EndGlobal
